
Microsoft Visual Studio Solution File, Format Version 12.00
# Visual Studio Version 17
VisualStudioVersion = 17.3.32922.545
MinimumVisualStudioVersion = 10.0.40219.1
Project("{FAE04EC0-301F-11D3-BF4B-00C04F79EFBC}") = "Lab6WpfApp", "Lab6WpfApp.csproj", "{43699C1A-1D5E-4570-8502-6DD0886E103F}"
EndProject
Global
	GlobalSection(SolutionConfigurationPlatforms) = preSolution
		Debug|Any CPU = Debug|Any CPU
		Release|Any CPU = Release|Any CPU
	EndGlobalSection
	GlobalSection(ProjectConfigurationPlatforms) = postSolution
		{43699C1A-1D5E-4570-8502-6DD0886E103F}.Debug|Any CPU.ActiveCfg = Debug|Any CPU
		{43699C1A-1D5E-4570-8502-6DD0886E103F}.Debug|Any CPU.Build.0 = Debug|Any CPU
		{43699C1A-1D5E-4570-8502-6DD0886E103F}.Release|Any CPU.ActiveCfg = Release|Any CPU
		{43699C1A-1D5E-4570-8502-6DD0886E103F}.Release|Any CPU.Build.0 = Release|Any CPU
	EndGlobalSection
	GlobalSection(SolutionProperties) = preSolution
		HideSolutionNode = FALSE
	EndGlobalSection
	GlobalSection(ExtensibilityGlobals) = postSolution
		SolutionGuid = {F7E48460-D39D-431C-82B7-206AFB79670E}
	EndGlobalSection
EndGlobal
